{
  "name": "alaya-js-sdk-examples",
  "version": "1.0.0",
  "lockfileVersion": 1,
  "requires": true,
  "dependencies": {
    "bech32": {
      "version": "1.1.4",
      "resolved": "https://registry.npmjs.org/bech32/-/bech32-1.1.4.tgz",
      "integrity": "sha512-s0IrSOzLlbvX7yp4WBfPITzpAU8sqQcpsmwXDiKwrG4r491vwCO/XpejasRNl0piBMe/DvP4Tz0mIS/X1DPJBQ=="
    },
    "web3": {
      "version": "github:PlatONnetwork/client-sdk-js#4e8234306593b74a44bd866bd81e8fae02eb01e5",
      "from": "github:PlatONnetwork/client-sdk-js#alaya-dev",
      "requires": {
        "bech32": "^1.1.4"
      }
    }
  }
}
